version = 1
revision = 3
requires-python = ">=3.13"

[options]
exclude-newer = "0001-01-01T00:00:00Z" # This has no effect and is included for backwards compatibility when using relative exclude-newer values.
exclude-newer-span = "P7D"

[[package]]
name = "more-itertools"
version = "11.1.0"
source = { registry = "https://pypi.org/simple" }
sdist = { url = "https://files.pythonhosted.org/packages/de/1d/f4da6f02cdffe04d6362210b807146a26044c88d839208aec273bb0d9184/more_itertools-11.1.0.tar.gz", hash = "sha256:48e8f4d9e7e5878571ecf6f2b4e57634f93cd474cc8cfbd2376f2d11b396e30d", size = 145772, upload-time = "2026-05-22T14:14:29.909Z" }
wheels = [
    { url = "https://files.pythonhosted.org/packages/e8/3d/1087453384dbde46a8c7f9356eead2c58be8a7bf156bca40243377c85715/more_itertools-11.1.0-py3-none-any.whl", hash = "sha256:4b65538ae22f6fed0ce4874efd317463a7489796a0939fa66824dd542125a192", size = 72226, upload-time = "2026-05-22T14:14:28.824Z" },
]

[[package]]
name = "more-more-itertools"
version = "0.1.20250901"
source = { registry = "https://pypi.org/simple" }
dependencies = [
    { name = "more-itertools" },
]
sdist = { url = "https://files.pythonhosted.org/packages/87/33/fff0cf3714e3153c5c0dd57de4ec5036787d5fa0dbebd4a9c12f2676fa7d/more_more_itertools-0.1.20250901.tar.gz", hash = "sha256:bfc60032d61dfe1a1a29df2d7bf3e91e8551db18fb00a8310fd522af361c47f6", size = 3439, upload-time = "2025-09-01T16:51:48.209Z" }

[[package]]
name = "raindrops-on-roses"
version = "0.1.0.2026.8.25"
source = { editable = "." }
dependencies = [
    { name = "more-more-itertools" },
]

[package.metadata]
requires-dist = [{ name = "more-more-itertools" }]
